
Microsoft Visual Studio Solution File, Format Version 12.00
# Visual Studio 2013
VisualStudioVersion = 12.0.31101.0
MinimumVisualStudioVersion = 10.0.40219.1
Project("{FAE04EC0-301F-11D3-BF4B-00C04F79EFBC}") = "My.Lib", "My.Lib\My.Lib.csproj", "{CB23DD65-8195-4236-92BF-B1F02DC22ABC}"
EndProject
Project("{FAE04EC0-301F-11D3-BF4B-00C04F79EFBC}") = "BuildUml", "BuildUml\BuildUml.csproj", "{A3743DA7-934C-4D7C-8E5E-A030AE149BD1}"
EndProject
Global
	GlobalSection(SolutionConfigurationPlatforms) = preSolution
		Debug|Any CPU = Debug|Any CPU
		Release|Any CPU = Release|Any CPU
	EndGlobalSection
	GlobalSection(ProjectConfigurationPlatforms) = postSolution
		{CB23DD65-8195-4236-92BF-B1F02DC22ABC}.Debug|Any CPU.ActiveCfg = Debug|Any CPU
		{CB23DD65-8195-4236-92BF-B1F02DC22ABC}.Debug|Any CPU.Build.0 = Debug|Any CPU
		{CB23DD65-8195-4236-92BF-B1F02DC22ABC}.Release|Any CPU.ActiveCfg = Release|Any CPU
		{CB23DD65-8195-4236-92BF-B1F02DC22ABC}.Release|Any CPU.Build.0 = Release|Any CPU
		{A3743DA7-934C-4D7C-8E5E-A030AE149BD1}.Debug|Any CPU.ActiveCfg = Debug|Any CPU
		{A3743DA7-934C-4D7C-8E5E-A030AE149BD1}.Debug|Any CPU.Build.0 = Debug|Any CPU
		{A3743DA7-934C-4D7C-8E5E-A030AE149BD1}.Release|Any CPU.ActiveCfg = Release|Any CPU
		{A3743DA7-934C-4D7C-8E5E-A030AE149BD1}.Release|Any CPU.Build.0 = Release|Any CPU
	EndGlobalSection
	GlobalSection(SolutionProperties) = preSolution
		HideSolutionNode = FALSE
	EndGlobalSection
EndGlobal
